{
  "originHash" : "3ea66120bf155c1c4a84c76c2c2e4718a5369c15e8b75984aea0201f2e1bd669",
  "pins" : [
    {
      "identity" : "swift-ai-sdk",
      "kind" : "remoteSourceControl",
      "location" : "https://github.com/teunlao/swift-ai-sdk",
      "state" : {
        "revision" : "89374cac1b61ba6c6ec4183366a6652fa706f1d9",
        "version" : "0.17.6"
      }
    },
    {
      "identity" : "swift-argument-parser",
      "kind" : "remoteSourceControl",
      "location" : "https://github.com/apple/swift-argument-parser",
      "state" : {
        "revision" : "626b5b7b2f45e1b0b1c6f4a309296d1d21d7311b",
        "version" : "1.7.1"
      }
    },
    {
      "identity" : "swift-syntax",
      "kind" : "remoteSourceControl",
      "location" : "https://github.com/swiftlang/swift-syntax.git",
      "state" : {
        "revision" : "4799286537280063c85a32f09884cfbca301b1a1",
        "version" : "602.0.0"
      }
    }
  ],
  "version" : 3
}
